# This file is automatically @generated by Cargo.
# It is not intended for manual editing.
version = 3

[[package]]
name = "file-rs"
version = "0.1.0"
dependencies = [
 "seahorse",
]

[[package]]
name = "seahorse"
version = "2.1.0"
source = "registry+https://github.com/rust-lang/crates.io-index"
checksum = "b3367111e93171f2f51f16fb46201bf6687f9da95eb1d409b6067cbc77af9c9c"
